
Microsoft Visual Studio Solution File, Format Version 12.00
# Visual Studio Version 17
VisualStudioVersion = 17.1.32210.238
MinimumVisualStudioVersion = 10.0.40219.1
Project("{FAE04EC0-301F-11D3-BF4B-00C04F79EFBC}") = "project 1", "project 1\project 1.csproj", "{8D6A06B0-E3D6-4545-8C45-39628ED8A2B1}"
EndProject
Global
	GlobalSection(SolutionConfigurationPlatforms) = preSolution
		Debug|Any CPU = Debug|Any CPU
		Release|Any CPU = Release|Any CPU
	EndGlobalSection
	GlobalSection(ProjectConfigurationPlatforms) = postSolution
		{8D6A06B0-E3D6-4545-8C45-39628ED8A2B1}.Debug|Any CPU.ActiveCfg = Debug|Any CPU
		{8D6A06B0-E3D6-4545-8C45-39628ED8A2B1}.Debug|Any CPU.Build.0 = Debug|Any CPU
		{8D6A06B0-E3D6-4545-8C45-39628ED8A2B1}.Release|Any CPU.ActiveCfg = Release|Any CPU
		{8D6A06B0-E3D6-4545-8C45-39628ED8A2B1}.Release|Any CPU.Build.0 = Release|Any CPU
	EndGlobalSection
	GlobalSection(SolutionProperties) = preSolution
		HideSolutionNode = FALSE
	EndGlobalSection
	GlobalSection(ExtensibilityGlobals) = postSolution
		SolutionGuid = {3948A697-91ED-4291-9F09-1BDFB838B726}
	EndGlobalSection
EndGlobal
